// !$*UTF8*$!
{
	archiveVersion = 1;
	classes = {
	};
	objectVersion = 46;
	objects = {

/* Begin PBXBuildFile section */
		52D731F91C5206BD00DB05DD /* AppDelegate.swift in Sources */ = {isa = PBXBuildFile; fileRef = 52D731F81C5206BD00DB05DD /* AppDelegate.swift */; };
		52D731FB1C5206BD00DB05DD /* ViewController.swift in Sources */ = {isa = PBXBuildFile; fileRef = 52D731FA1C5206BD00DB05DD /* ViewController.swift */; };
		52D731FE1C5206BD00DB05DD /* Main.storyboard in Resources */ = {isa = PBXBuildFile; fileRef = 52D731FC1C5206BD00DB05DD /* Main.storyboard */; };
		52D732001C5206BD00DB05DD /* Assets.xcassets in Resources */ = {isa = PBXBuildFile; fileRef = 52D731FF1C5206BD00DB05DD /* Assets.xcassets */; };
		52D732031C5206BD00DB05DD /* LaunchScreen.storyboard in Resources */ = {isa = PBXBuildFile; fileRef = 52D732011C5206BD00DB05DD /* LaunchScreen.storyboard */; };
		52D7320B1C5208BB00DB05DD /* pokemon.csv in Resources */ = {isa = PBXBuildFile; fileRef = 52D7320A1C5208BB00DB05DD /* pokemon.csv */; };
/* End PBXBuildFile section */

/* Begin PBXFileReference section */
		52D731F51C5206BD00DB05DD /* pokeroldex.app */ = {isa = PBXFileReference; explicitFileType = wrapper.application; includeInIndex = 0; path = pokeroldex.app; sourceTree = BUILT_PRODUCTS_DIR; };
		52D731F81C5206BD00DB05DD /* AppDelegate.swift */ = {isa = PBXFileReference; lastKnownFileType = sourcecode.swift; path = AppDelegate.swift; sourceTree = "<group>"; };
		52D731FA1C5206BD00DB05DD /* ViewController.swift */ = {isa = PBXFileReference; lastKnownFileType = sourcecode.swift; path = ViewController.swift; sourceTree = "<group>"; };
		52D731FD1C5206BD00DB05DD /* Base */ = {isa = PBXFileReference; lastKnownFileType = file.storyboard; name = Base; path = Base.lproj/Main.storyboard; sourceTree = "<group>"; };
		52D731FF1C5206BD00DB05DD /* Assets.xcassets */ = {isa = PBXFileReference; lastKnownFileType = folder.assetcatalog; path = Assets.xcassets; sourceTree = "<group>"; };
		52D732021C5206BD00DB05DD /* Base */ = {isa = PBXFileReference; lastKnownFileType = file.storyboard; name = Base; path = Base.lproj/LaunchScreen.storyboard; sourceTree = "<group>"; };
		52D732041C5206BD00DB05DD /* Info.plist */ = {isa = PBXFileReference; lastKnownFileType = text.plist.xml; path = Info.plist; sourceTree = "<group>"; };
		52D7320A1C5208BB00DB05DD /* pokemon.csv */ = {isa = PBXFileReference; fileEncoding = 4; lastKnownFileType = text; path = pokemon.csv; sourceTree = "<group>"; };
/* End PBXFileReference section */

/* Begin PBXFrameworksBuildPhase section */
		52D731F21C5206BD00DB05DD /* Frameworks */ = {
			isa = PBXFrameworksBuildPhase;
			buildActionMask = 2147483647;
			files = (
			);
			runOnlyForDeploymentPostprocessing = 0;
		};
/* End PBXFrameworksBuildPhase section */

/* Begin PBXGroup section */
		52D731EC1C5206BD00DB05DD = {
			isa = PBXGroup;
			children = (
				52D731F71C5206BD00DB05DD /* pokeroldex */,
				52D731F61C5206BD00DB05DD /* Products */,
			);
			sourceTree = "<group>";
		};
		52D731F61C5206BD00DB05DD /* Products */ = {
			isa = PBXGroup;
			children = (
				52D731F51C5206BD00DB05DD /* pokeroldex.app */,
			);
			name = Products;
			sourceTree = "<group>";
		};
		52D731F71C5206BD00DB05DD /* pokeroldex */ = {
			isa = PBXGroup;
			children = (
				52D731F81C5206BD00DB05DD /* AppDelegate.swift */,
				52D731FA1C5206BD00DB05DD /* ViewController.swift */,
				52D731FC1C5206BD00DB05DD /* Main.storyboard */,
				52D7320A1C5208BB00DB05DD /* pokemon.csv */,
				52D731FF1C5206BD00DB05DD /* Assets.xcassets */,
				52D732011C5206BD00DB05DD /* LaunchScreen.storyboard */,
				52D732041C5206BD00DB05DD /* Info.plist */,
			);
			path = pokeroldex;
			sourceTree = "<group>";
		};
/* End PBXGroup section */

/* Begin PBXNativeTarget section */
		52D731F41C5206BD00DB05DD /* pokeroldex */ = {
			isa = PBXNativeTarget;
			buildConfigurationList = 52D732071C5206BD00DB05DD /* Build configuration list for PBXNativeTarget "pokeroldex" */;
			buildPhases = (
				52D731F11C5206BD00DB05DD /* Sources */,
				52D731F21C5206BD00DB05DD /* Frameworks */,
				52D731F31C5206BD00DB05DD /* Resources */,
			);
			buildRules = (
			);
			dependencies = (
			);
			name = pokeroldex;
			productName = pokeroldex;
			productReference = 52D731F51C5206BD00DB05DD /* pokeroldex.app */;
			productType = "com.apple.product-type.application";
		};
/* End PBXNativeTarget section */

/* Begin PBXProject section */
		52D731ED1C5206BD00DB05DD /* Project object */ = {
			isa = PBXProject;
			attributes = {
				LastSwiftUpdateCheck = 0720;
				LastUpgradeCheck = 0720;
				ORGANIZATIONNAME = "Santos Ortega";
				TargetAttributes = {
					52D731F41C5206BD00DB05DD = {
						CreatedOnToolsVersion = 7.2;
					};
				};
			};
			buildConfigurationList = 52D731F01C5206BD00DB05DD /* Build configuration list for PBXProject "pokeroldex" */;
			compatibilityVersion = "Xcode 3.2";
			developmentRegion = English;
			hasScannedForEncodings = 0;
			knownRegions = (
				en,
				Base,
			);
			mainGroup = 52D731EC1C5206BD00DB05DD;
			productRefGroup = 52D731F61C5206BD00DB05DD /* Products */;
			projectDirPath = "";
			projectRoot = "";
			targets = (
				52D731F41C5206BD00DB05DD /* pokeroldex */,
			);
		};
/* End PBXProject section */

/* Begin PBXResourcesBuildPhase section */
		52D731F31C5206BD00DB05DD /* Resources */ = {
			isa = PBXResourcesBuildPhase;
			buildActionMask = 2147483647;
			files = (
				52D732031C5206BD00DB05DD /* LaunchScreen.storyboard in Resources */,
				52D732001C5206BD00DB05DD /* Assets.xcassets in Resources */,
				52D7320B1C5208BB00DB05DD /* pokemon.csv in Resources */,
				52D731FE1C5206BD00DB05DD /* Main.storyboard in Resources */,
			);
			runOnlyForDeploymentPostprocessing = 0;
		};
/* End PBXResourcesBuildPhase section */

/* Begin PBXSourcesBuildPhase section */
		52D731F11C5206BD00DB05DD /* Sources */ = {
			isa = PBXSourcesBuildPhase;
			buildActionMask = 2147483647;
			files = (
				52D731FB1C5206BD00DB05DD /* ViewController.swift in Sources */,
				52D731F91C5206BD00DB05DD /* AppDelegate.swift in Sources */,
			);
			runOnlyForDeploymentPostprocessing = 0;
		};
/* End PBXSourcesBuildPhase section */

/* Begin PBXVariantGroup section */
		52D731FC1C5206BD00DB05DD /* Main.storyboard */ = {
			isa = PBXVariantGroup;
			children = (
				52D731FD1C5206BD00DB05DD /* Base */,
			);
			name = Main.storyboard;
			sourceTree = "<group>";
		};
		52D732011C5206BD00DB05DD /* LaunchScreen.storyboard */ = {
			isa = PBXVariantGroup;
			children = (
				52D732021C5206BD00DB05DD /* Base */,
			);
			name = LaunchScreen.storyboard;
			sourceTree = "<group>";
		};
/* End PBXVariantGroup section */

/* Begin XCBuildConfiguration section */
		52D732051C5206BD00DB05DD /* Debug */ = {
			isa = XCBuildConfiguration;
			buildSettings = {
				ALWAYS_SEARCH_USER_PATHS = NO;
				CLANG_CXX_LANGUAGE_STANDARD = "gnu++0x";
				CLANG_CXX_LIBRARY = "libc++";
				CLANG_ENABLE_MODULES = YES;
				CLANG_ENABLE_OBJC_ARC = YES;
				CLANG_WARN_BOOL_CONVERSION = YES;
				CLANG_WARN_CONSTANT_CONVERSION = YES;
				CLANG_WARN_DIRECT_OBJC_ISA_USAGE = YES_ERROR;
				CLANG_WARN_EMPTY_BODY = YES;
				CLANG_WARN_ENUM_CONVERSION = YES;
				CLANG_WARN_INT_CONVERSION = YES;
				CLANG_WARN_OBJC_ROOT_CLASS = YES_ERROR;
				CLANG_WARN_UNREACHABLE_CODE = YES;
				CLANG_WARN__DUPLICATE_METHOD_MATCH = YES;
				"CODE_SIGN_IDENTITY[sdk=iphoneos*]" = "iPhone Developer";
				COPY_PHASE_STRIP = NO;
				DEBUG_INFORMATION_FORMAT = dwarf;
				ENABLE_STRICT_OBJC_MSGSEND = YES;
				ENABLE_TESTABILITY = YES;
				GCC_C_LANGUAGE_STANDARD = gnu99;
				GCC_DYNAMIC_NO_PIC = NO;
				GCC_NO_COMMON_BLOCKS = YES;
				GCC_OPTIMIZATION_LEVEL = 0;
				GCC_PREPROCESSOR_DEFINITIONS = (
					"DEBUG=1",
					"$(inherited)",
				);
				GCC_WARN_64_TO_32_BIT_CONVERSION = YES;
				GCC_WARN_ABOUT_RETURN_TYPE = YES_ERROR;
				GCC_WARN_UNDECLARED_SELECTOR = YES;
				GCC_WARN_UNINITIALIZED_AUTOS = YES_AGGRESSIVE;
				GCC_WARN_UNUSED_FUNCTION = YES;
				GCC_WARN_UNUSED_VARIABLE = YES;
				IPHONEOS_DEPLOYMENT_TARGET = 9.2;
				MTL_ENABLE_DEBUG_INFO = YES;
				ONLY_ACTIVE_ARCH = YES;
				SDKROOT = iphoneos;
				SWIFT_OPTIMIZATION_LEVEL = "-Onone";
				TARGETED_DEVICE_FAMILY = "1,2";
			};
			name = Debug;
		};
		52D732061C5206BD00DB05DD /* Release */ = {
			isa = XCBuildConfiguration;
			buildSettings = {
				ALWAYS_SEARCH_USER_PATHS = NO;
				CLANG_CXX_LANGUAGE_STANDARD = "gnu++0x";
				CLANG_CXX_LIBRARY = "libc++";
				CLANG_ENABLE_MODULES = YES;
				CLANG_ENABLE_OBJC_ARC = YES;
				CLANG_WARN_BOOL_CONVERSION = YES;
				CLANG_WARN_CONSTANT_CONVERSION = YES;
				CLANG_WARN_DIRECT_OBJC_ISA_USAGE = YES_ERROR;
				CLANG_WARN_EMPTY_BODY = YES;
				CLANG_WARN_ENUM_CONVERSION = YES;
				CLANG_WARN_INT_CONVERSION = YES;
				CLANG_WARN_OBJC_ROOT_CLASS = YES_ERROR;
				CLANG_WARN_UNREACHABLE_CODE = YES;
				CLANG_WARN__DUPLICATE_METHOD_MATCH = YES;
				"CODE_SIGN_IDENTITY[sdk=iphoneos*]" = "iPhone Developer";
				COPY_PHASE_STRIP = NO;
				DEBUG_INFORMATION_FORMAT = "dwarf-with-dsym";
				ENABLE_NS_ASSERTIONS = NO;
				ENABLE_STRICT_OBJC_MSGSEND = YES;
				GCC_C_LANGUAGE_STANDARD = gnu99;
				GCC_NO_COMMON_BLOCKS = YES;
				GCC_WARN_64_TO_32_BIT_CONVERSION = YES;
				GCC_WARN_ABOUT_RETURN_TYPE = YES_ERROR;
				GCC_WARN_UNDECLARED_SELECTOR = YES;
				GCC_WARN_UNINITIALIZED_AUTOS = YES_AGGRESSIVE;
				GCC_WARN_UNUSED_FUNCTION = YES;
				GCC_WARN_UNUSED_VARIABLE = YES;
				IPHONEOS_DEPLOYMENT_TARGET = 9.2;
				MTL_ENABLE_DEBUG_INFO = NO;
				SDKROOT = iphoneos;
				TARGETED_DEVICE_FAMILY = "1,2";
				VALIDATE_PRODUCT = YES;
			};
			name = Release;
		};
		52D732081C5206BD00DB05DD /* Debug */ = {
			isa = XCBuildConfiguration;
			buildSettings = {
				ASSETCATALOG_COMPILER_APPICON_NAME = AppIcon;
				INFOPLIST_FILE = pokeroldex/Info.plist;
				LD_RUNPATH_SEARCH_PATHS = "$(inherited) @executable_path/Frameworks";
				PRODUCT_BUNDLE_IDENTIFIER = com.SantosOrtega.pokeroldex;
				PRODUCT_NAME = "$(TARGET_NAME)";
			};
			name = Debug;
		};
		52D732091C5206BD00DB05DD /* Release */ = {
			isa = XCBuildConfiguration;
			buildSettings = {
				ASSETCATALOG_COMPILER_APPICON_NAME = AppIcon;
				INFOPLIST_FILE = pokeroldex/Info.plist;
				LD_RUNPATH_SEARCH_PATHS = "$(inherited) @executable_path/Frameworks";
				PRODUCT_BUNDLE_IDENTIFIER = com.SantosOrtega.pokeroldex;
				PRODUCT_NAME = "$(TARGET_NAME)";
			};
			name = Release;
		};
/* End XCBuildConfiguration section */

/* Begin XCConfigurationList section */
		52D731F01C5206BD00DB05DD /* Build configuration list for PBXProject "pokeroldex" */ = {
			isa = XCConfigurationList;
			buildConfigurations = (
				52D732051C5206BD00DB05DD /* Debug */,
				52D732061C5206BD00DB05DD /* Release */,
			);
			defaultConfigurationIsVisible = 0;
			defaultConfigurationName = Release;
		};
		52D732071C5206BD00DB05DD /* Build configuration list for PBXNativeTarget "pokeroldex" */ = {
			isa = XCConfigurationList;
			buildConfigurations = (
				52D732081C5206BD00DB05DD /* Debug */,
				52D732091C5206BD00DB05DD /* Release */,
			);
			defaultConfigurationIsVisible = 0;
		};
/* End XCConfigurationList section */
	};
	rootObject = 52D731ED1C5206BD00DB05DD /* Project object */;
}
